{
  "projects": [
    {
      "projectId": "qLbKtmKmYSPMeUDVUL9rt9",
      "version": "latest",
      "dependencies": {},
      "lang": "js",
      "fileLocks": [
        {
          "type": "globalVariant",
          "assetId": "4C6S7AaQKEx0k",
          "checksum": "4293b9592deac0bb91e661b52175cf0f"
        },
        {
          "type": "renderModule",
          "assetId": "wbiUuwOrN5EE",
          "checksum": "85a04e8a26a9fa5b3ea27a7d629ff167"
        },
        {
          "type": "cssRules",
          "assetId": "wbiUuwOrN5EE",
          "checksum": "85a04e8a26a9fa5b3ea27a7d629ff167"
        },
        {
          "assetId": "qLbKtmKmYSPMeUDVUL9rt9",
          "type": "projectCss",
          "checksum": "2ad96d8a72636b7d160684e7eec12624"
        },
        {
          "type": "renderModule",
          "assetId": "-qygjhSzAI",
          "checksum": "44b0b6352f265d0a041d8e8a489571c3"
        },
        {
          "type": "cssRules",
          "assetId": "-qygjhSzAI",
          "checksum": "44b0b6352f265d0a041d8e8a489571c3"
        }
      ],
      "codegenVersion": "0.0.1"
    }
  ],
  "cliVersion": "0.1.212"
}
